
Microsoft Visual Studio Solution File, Format Version 12.00
# Visual Studio Version 17
VisualStudioVersion = 17.2.32630.192
MinimumVisualStudioVersion = 10.0.40219.1
Project("{9A19103F-16F7-4668-BE54-9A1E7A4F7556}") = "Clipper2Lib", "Clipper2Lib\Clipper2Lib.csproj", "{4CE00B81-F1B2-4012-9BBD-B0DB6BF8CAD3}"
EndProject
Project("{9A19103F-16F7-4668-BE54-9A1E7A4F7556}") = "Clipper2Lib.Benchmark", "Clipper2Lib.Benchmark\Clipper2Lib.Benchmark.csproj", "{F8A168C6-286A-4ECF-8750-C505ADBCB7D5}"
EndProject
Project("{2150E333-8FDC-42A3-9474-1A3956D46DE8}") = "Solution Items", "Solution Items", "{3B52CBF2-1267-44C7-B447-C51ACDD25371}"
	ProjectSection(SolutionItems) = preProject
		.editorconfig = .editorconfig
	EndProjectSection
EndProject
Project("{9A19103F-16F7-4668-BE54-9A1E7A4F7556}") = "Clipper2.SVG", "Utils\SVG\Clipper2.SVG.csproj", "{BC8E75BA-24E1-4D6A-AE54-0B1019C18EFE}"
EndProject
Project("{9A19103F-16F7-4668-BE54-9A1E7A4F7556}") = "Clipper.FileIO", "Utils\ClipFileIO\Clipper.FileIO.csproj", "{2EF8FB02-E3F6-46CE-954F-5E1B0AD64DB7}"
EndProject
Project("{9A19103F-16F7-4668-BE54-9A1E7A4F7556}") = "ConsoleDemo", "Clipper2Lib.Examples\ConsoleDemo\ConsoleDemo.csproj", "{DBFB59C1-C08D-48DC-9A15-CD18B5897BE4}"
EndProject
Project("{9A19103F-16F7-4668-BE54-9A1E7A4F7556}") = "InflateDemo", "Clipper2Lib.Examples\InflateDemo\InflateDemo.csproj", "{DB7B56ED-474F-49A7-91F1-75EEB76A8B2B}"
EndProject
Global
	GlobalSection(SolutionConfigurationPlatforms) = preSolution
		Debug|Any CPU = Debug|Any CPU
		Release|Any CPU = Release|Any CPU
	EndGlobalSection
	GlobalSection(ProjectConfigurationPlatforms) = postSolution
		{4CE00B81-F1B2-4012-9BBD-B0DB6BF8CAD3}.Debug|Any CPU.ActiveCfg = Debug|Any CPU
		{4CE00B81-F1B2-4012-9BBD-B0DB6BF8CAD3}.Debug|Any CPU.Build.0 = Debug|Any CPU
		{4CE00B81-F1B2-4012-9BBD-B0DB6BF8CAD3}.Release|Any CPU.ActiveCfg = Release|Any CPU
		{4CE00B81-F1B2-4012-9BBD-B0DB6BF8CAD3}.Release|Any CPU.Build.0 = Release|Any CPU
		{F8A168C6-286A-4ECF-8750-C505ADBCB7D5}.Debug|Any CPU.ActiveCfg = Debug|Any CPU
		{F8A168C6-286A-4ECF-8750-C505ADBCB7D5}.Debug|Any CPU.Build.0 = Debug|Any CPU
		{F8A168C6-286A-4ECF-8750-C505ADBCB7D5}.Release|Any CPU.ActiveCfg = Release|Any CPU
		{F8A168C6-286A-4ECF-8750-C505ADBCB7D5}.Release|Any CPU.Build.0 = Release|Any CPU
		{BC8E75BA-24E1-4D6A-AE54-0B1019C18EFE}.Debug|Any CPU.ActiveCfg = Debug|Any CPU
		{BC8E75BA-24E1-4D6A-AE54-0B1019C18EFE}.Debug|Any CPU.Build.0 = Debug|Any CPU
		{BC8E75BA-24E1-4D6A-AE54-0B1019C18EFE}.Release|Any CPU.ActiveCfg = Release|Any CPU
		{BC8E75BA-24E1-4D6A-AE54-0B1019C18EFE}.Release|Any CPU.Build.0 = Release|Any CPU
		{2EF8FB02-E3F6-46CE-954F-5E1B0AD64DB7}.Debug|Any CPU.ActiveCfg = Debug|Any CPU
		{2EF8FB02-E3F6-46CE-954F-5E1B0AD64DB7}.Debug|Any CPU.Build.0 = Debug|Any CPU
		{2EF8FB02-E3F6-46CE-954F-5E1B0AD64DB7}.Release|Any CPU.ActiveCfg = Release|Any CPU
		{2EF8FB02-E3F6-46CE-954F-5E1B0AD64DB7}.Release|Any CPU.Build.0 = Release|Any CPU
		{DBFB59C1-C08D-48DC-9A15-CD18B5897BE4}.Debug|Any CPU.ActiveCfg = Debug|Any CPU
		{DBFB59C1-C08D-48DC-9A15-CD18B5897BE4}.Debug|Any CPU.Build.0 = Debug|Any CPU
		{DBFB59C1-C08D-48DC-9A15-CD18B5897BE4}.Release|Any CPU.ActiveCfg = Release|Any CPU
		{DBFB59C1-C08D-48DC-9A15-CD18B5897BE4}.Release|Any CPU.Build.0 = Release|Any CPU
		{DB7B56ED-474F-49A7-91F1-75EEB76A8B2B}.Debug|Any CPU.ActiveCfg = Debug|Any CPU
		{DB7B56ED-474F-49A7-91F1-75EEB76A8B2B}.Debug|Any CPU.Build.0 = Debug|Any CPU
		{DB7B56ED-474F-49A7-91F1-75EEB76A8B2B}.Release|Any CPU.ActiveCfg = Release|Any CPU
		{DB7B56ED-474F-49A7-91F1-75EEB76A8B2B}.Release|Any CPU.Build.0 = Release|Any CPU
	EndGlobalSection
	GlobalSection(SolutionProperties) = preSolution
		HideSolutionNode = FALSE
	EndGlobalSection
	GlobalSection(ExtensibilityGlobals) = postSolution
		SolutionGuid = {EB14E46A-0760-411E-B991-4E0B4DBBFF93}
	EndGlobalSection
EndGlobal
