<?xml version="1.0" encoding="utf-8"?>
<Project ToolsVersion="4.0" xmlns="http://schemas.microsoft.com/developer/msbuild/2003">
  <ItemGroup>
    <ClCompile Include="..\googletest\googletest\src\gtest-all.cc">
      <Filter>GoogleTest</Filter>
    </ClCompile>
    <ClCompile Include="..\..\Clipper2Lib\clipper.engine.cpp">
      <Filter>Clipper2Lib</Filter>
    </ClCompile>
    <ClCompile Include="..\..\Clipper2Lib\clipper.offset.cpp">
      <Filter>Clipper2Lib</Filter>
    </ClCompile>
    <ClCompile Include="..\Tests\TestIntersection.cpp">
      <Filter>Tests</Filter>
    </ClCompile>
    <ClCompile Include="..\Tests\TestUnion.cpp">
      <Filter>Tests</Filter>
    </ClCompile>
    <ClCompile Include="..\googletest\googletest\src\gtest_main.cc">
      <Filter>GoogleTest</Filter>
    </ClCompile>
    <ClCompile Include="..\..\Utils\ClipFileLoad.cpp">
      <Filter>Utils</Filter>
    </ClCompile>
    <ClCompile Include="..\Tests\TestFromTextFile.cpp">
      <Filter>Tests</Filter>
    </ClCompile>
    <ClCompile Include="..\Tests\TestFromTextFile2.cpp">
      <Filter>Tests</Filter>
    </ClCompile>
    <ClCompile Include="..\Tests\TestFromTextFile3.cpp">
      <Filter>Tests</Filter>
    </ClCompile>
  </ItemGroup>
  <ItemGroup>
    <Filter Include="Tests">
      <UniqueIdentifier>{0af06072-be0f-4180-bc62-a6e5a723c873}</UniqueIdentifier>
    </Filter>
    <Filter Include="GoogleTest">
      <UniqueIdentifier>{61cc31a2-4df7-4560-9c65-d5d97914b2fb}</UniqueIdentifier>
    </Filter>
    <Filter Include="Clipper2Lib">
      <UniqueIdentifier>{ac36f960-a009-4011-bb89-354801480f5e}</UniqueIdentifier>
    </Filter>
    <Filter Include="Utils">
      <UniqueIdentifier>{4a710b17-1097-4d7f-b7b6-e3b0e75a1cb6}</UniqueIdentifier>
    </Filter>
  </ItemGroup>
</Project>