
Microsoft Visual Studio Solution File, Format Version 12.00
# Visual Studio Version 17
VisualStudioVersion = 17.3.32804.467
MinimumVisualStudioVersion = 10.0.40219.1
Project("{9A19103F-16F7-4668-BE54-9A1E7A4F7556}") = "TestsZ", "TestsZ.csproj", "{BA651459-DAE8-4551-9E66-5F47C9BCDA4D}"
EndProject
Project("{9A19103F-16F7-4668-BE54-9A1E7A4F7556}") = "Clipper2LibZ", "..\..\USINGZ\Clipper2LibZ.csproj", "{45C3F035-9ABC-4CB0-B178-39DE365271F2}"
EndProject
Global
	GlobalSection(SolutionConfigurationPlatforms) = preSolution
		Debug|Any CPU = Debug|Any CPU
		Release|Any CPU = Release|Any CPU
	EndGlobalSection
	GlobalSection(ProjectConfigurationPlatforms) = postSolution
		{BA651459-DAE8-4551-9E66-5F47C9BCDA4D}.Debug|Any CPU.ActiveCfg = Debug|Any CPU
		{BA651459-DAE8-4551-9E66-5F47C9BCDA4D}.Debug|Any CPU.Build.0 = Debug|Any CPU
		{BA651459-DAE8-4551-9E66-5F47C9BCDA4D}.Release|Any CPU.ActiveCfg = Release|Any CPU
		{BA651459-DAE8-4551-9E66-5F47C9BCDA4D}.Release|Any CPU.Build.0 = Release|Any CPU
		{45C3F035-9ABC-4CB0-B178-39DE365271F2}.Debug|Any CPU.ActiveCfg = Debug|Any CPU
		{45C3F035-9ABC-4CB0-B178-39DE365271F2}.Debug|Any CPU.Build.0 = Debug|Any CPU
		{45C3F035-9ABC-4CB0-B178-39DE365271F2}.Release|Any CPU.ActiveCfg = Release|Any CPU
		{45C3F035-9ABC-4CB0-B178-39DE365271F2}.Release|Any CPU.Build.0 = Release|Any CPU
	EndGlobalSection
	GlobalSection(SolutionProperties) = preSolution
		HideSolutionNode = FALSE
	EndGlobalSection
	GlobalSection(ExtensibilityGlobals) = postSolution
		SolutionGuid = {AA98C6DD-16D2-4C58-8A41-F215CB93159E}
	EndGlobalSection
EndGlobal
