
Microsoft Visual Studio Solution File, Format Version 12.00
# Visual Studio Version 17
VisualStudioVersion = 17.3.32804.467
MinimumVisualStudioVersion = 10.0.40219.1
Project("{9A19103F-16F7-4668-BE54-9A1E7A4F7556}") = "Clipper2LibZ", "Clipper2LibZ.csproj", "{72B3F298-F9CD-4B18-B205-B871E261491A}"
EndProject
Global
	GlobalSection(SolutionConfigurationPlatforms) = preSolution
		Debug|Any CPU = Debug|Any CPU
		Release|Any CPU = Release|Any CPU
	EndGlobalSection
	GlobalSection(ProjectConfigurationPlatforms) = postSolution
		{72B3F298-F9CD-4B18-B205-B871E261491A}.Debug|Any CPU.ActiveCfg = Debug|Any CPU
		{72B3F298-F9CD-4B18-B205-B871E261491A}.Debug|Any CPU.Build.0 = Debug|Any CPU
		{72B3F298-F9CD-4B18-B205-B871E261491A}.Release|Any CPU.ActiveCfg = Release|Any CPU
		{72B3F298-F9CD-4B18-B205-B871E261491A}.Release|Any CPU.Build.0 = Release|Any CPU
	EndGlobalSection
	GlobalSection(SolutionProperties) = preSolution
		HideSolutionNode = FALSE
	EndGlobalSection
	GlobalSection(ExtensibilityGlobals) = postSolution
		SolutionGuid = {5D82BF36-9B12-4274-8509-9C0D4128DC82}
	EndGlobalSection
EndGlobal
