
Microsoft Visual Studio Solution File, Format Version 12.00
# Visual Studio 15
VisualStudioVersion = 15.0.26730.12
MinimumVisualStudioVersion = 10.0.40219.1
Project("{8BC9CEB8-8B4A-11D0-8D11-00A0C91BC942}") = "InflateDemo", "InflateDemo.vcxproj", "{F89B5843-36C0-419F-BA98-3B50F2136996}"
EndProject
Global
	GlobalSection(SolutionConfigurationPlatforms) = preSolution
		Debug|x64 = Debug|x64
		Debug|x86 = Debug|x86
		Release|x64 = Release|x64
		Release|x86 = Release|x86
	EndGlobalSection
	GlobalSection(ProjectConfigurationPlatforms) = postSolution
		{F89B5843-36C0-419F-BA98-3B50F2136996}.Debug|x64.ActiveCfg = Debug|x64
		{F89B5843-36C0-419F-BA98-3B50F2136996}.Debug|x64.Build.0 = Debug|x64
		{F89B5843-36C0-419F-BA98-3B50F2136996}.Debug|x86.ActiveCfg = Debug|Win32
		{F89B5843-36C0-419F-BA98-3B50F2136996}.Debug|x86.Build.0 = Debug|Win32
		{F89B5843-36C0-419F-BA98-3B50F2136996}.Release|x64.ActiveCfg = Release|x64
		{F89B5843-36C0-419F-BA98-3B50F2136996}.Release|x64.Build.0 = Release|x64
		{F89B5843-36C0-419F-BA98-3B50F2136996}.Release|x86.ActiveCfg = Release|Win32
		{F89B5843-36C0-419F-BA98-3B50F2136996}.Release|x86.Build.0 = Release|Win32
	EndGlobalSection
	GlobalSection(SolutionProperties) = preSolution
		HideSolutionNode = FALSE
	EndGlobalSection
	GlobalSection(ExtensibilityGlobals) = postSolution
		SolutionGuid = {E50CF352-9A1B-4DEC-B445-56B740455231}
	EndGlobalSection
EndGlobal
